github.com/bsm/redislock v0.9.4 h1:X/HEcFTEBjCpKygMCkBQHzK7jNGPehSmqKJXiJLOpnw=
github.com/bsm/redislock v0.9.4/go.mod h1:BNn3Hn0YGKQZRNTM2TFCnTX4f8hGSLm3DgJiukONnlI=
github.com/cespare/xxhash/v2 v2.3.0 h1:UL815xU9SqsFlibzuggzjXhog7bL6oX9BbNZnL2UFvs=
github.com/cespare/xxhash/v2 v2.3.0/go.mod h1:VGX0DQ3Q6kWi7AoAeZDth3/j3BFtOZR5XLFGgcrjCOs=
github.com/dgryski/go-rendezvous v0.0.0-20200823014737-9f7001d12a5f h1:lO4WD4F/rVNCu3HqELle0jiPLLBs70cWOduZpkS1E78=
github.com/dgryski/go-rendezvous v0.0.0-20200823014737-9f7001d12a5f/go.mod h1:cuUVRXasLTGF7a8hSLbxyZXjz+1KgoB3wDUb6vlszIc=
github.com/go-chi/chi/v5 v5.0.12 h1:xGjKHGKLGbELaFcBiZxLkBbFq0dKxFEwUqSFAKMoGMQ=
github.com/go-chi/chi/v5 v5.0.12/go.mod h1:DslCQbL2OYiznFReuXYUmovuv+y9EOobl8bgkmrQ9t0=
github.com/joho/godotenv v1.5.1 h1:7eLL/+HRGLY0ldzfGMeQkb7vMd0as4CfYNUqncMcrMI=
github.com/joho/godotenv v1.5.1/go.mod h1:f4LDr5Voq0i2e/R5DDNOoa2ggs0X81u+17uyfSWgqe8=
github.com/mattn/go-colorable v0.1.13 h1:8COAmikY5K8zXpxERfcrXs2wFZvqq/uuwu8ARcTR4Xo=
github.com/mattn/go-colorable v0.1.13/go.mod h1:7S9/ev0klgBDR4GtXTXX8a3vIGJpMovkB8vQcUbaXHg=
github.com/mattn/go-isatty v0.0.20 h1:xfD0iDuEKnDkl03q4limB+vH+GxLEtL3/0RAY6BYHFY=
github.com/mattn/go-isatty v0.0.20/go.mod h1:W1f5bkQYFkiS2I37YUF2LRG1JH/R5X0Bnl3ZhR/lpd4=
github.com/redis/go-redis/v9 v9.5.3 h1:fOAp1/uJG+ZtNKTQ9sMjQRhaqTM0MXNWN6XMTBR6EBs=
github.com/redis/go-redis/v9 v9.5.3/go.mod h1:hdY0cQFCN4fnSYT6TkisLuEddFxLkMBnFB+Y3V1kUuQ=
github.com/rs/zerolog v1.33.0 h1:1cU2KZkvPxNyfgEmhHAz/1A9Bz+llsdYzklWFzgp0r8=
github.com/rs/zerolog v1.33.0/go.mod h1:/7mN4D5sKwJLZQ2b/znpjC3/GQWY/xaDbZyvliZW+Yc=
golang.org/x/sys v0.18.0 h1:DBdB3niSjOA/O0blCZBqDefyWNYveAYMNF1Wum0DYQ4=
golang.org/x/sys v0.18.0/go.mod h1:/VUhepiaJMbufDG0b5hDvT+E4V4BIFsgBlTMF8PNXIZ=
